
Microsoft Visual Studio Solution File, Format Version 12.00
# Visual Studio Version 17
VisualStudioVersion = 17.0.31903.59
MinimumVisualStudioVersion = 10.0.40219.1
Project("{2150E333-8FDC-42A3-9474-1A3956D46DE8}") = "src", "src", "{827E0CD3-B72D-47B6-A68D-7590B98EB39B}"
EndProject
Project("{FAE04EC0-301F-11D3-BF4B-00C04F79EFBC}") = "RecipeHub.AppHost", "src\RecipeHub.AppHost\RecipeHub.AppHost.csproj", "{FF4709C3-B239-4FEE-9530-CDD542F39B97}"
EndProject
Project("{FAE04EC0-301F-11D3-BF4B-00C04F79EFBC}") = "RecipeHub.ServiceDefaults", "src\RecipeHub.ServiceDefaults\RecipeHub.ServiceDefaults.csproj", "{0132745F-C5EC-4020-943B-AE424026B6C5}"
EndProject
Project("{FAE04EC0-301F-11D3-BF4B-00C04F79EFBC}") = "RecipeHub.Api", "src\RecipeHub.Api\RecipeHub.Api.csproj", "{97ACDCB3-C9C7-459A-88D2-301011BF7CE5}"
EndProject
Global
	GlobalSection(SolutionConfigurationPlatforms) = preSolution
		Debug|Any CPU = Debug|Any CPU
		Debug|x64 = Debug|x64
		Debug|x86 = Debug|x86
		Release|Any CPU = Release|Any CPU
		Release|x64 = Release|x64
		Release|x86 = Release|x86
	EndGlobalSection
	GlobalSection(ProjectConfigurationPlatforms) = postSolution
		{FF4709C3-B239-4FEE-9530-CDD542F39B97}.Debug|Any CPU.ActiveCfg = Debug|Any CPU
		{FF4709C3-B239-4FEE-9530-CDD542F39B97}.Debug|Any CPU.Build.0 = Debug|Any CPU
		{FF4709C3-B239-4FEE-9530-CDD542F39B97}.Debug|x64.ActiveCfg = Debug|Any CPU
		{FF4709C3-B239-4FEE-9530-CDD542F39B97}.Debug|x64.Build.0 = Debug|Any CPU
		{FF4709C3-B239-4FEE-9530-CDD542F39B97}.Debug|x86.ActiveCfg = Debug|Any CPU
		{FF4709C3-B239-4FEE-9530-CDD542F39B97}.Debug|x86.Build.0 = Debug|Any CPU
		{FF4709C3-B239-4FEE-9530-CDD542F39B97}.Release|Any CPU.ActiveCfg = Release|Any CPU
		{FF4709C3-B239-4FEE-9530-CDD542F39B97}.Release|Any CPU.Build.0 = Release|Any CPU
		{FF4709C3-B239-4FEE-9530-CDD542F39B97}.Release|x64.ActiveCfg = Release|Any CPU
		{FF4709C3-B239-4FEE-9530-CDD542F39B97}.Release|x64.Build.0 = Release|Any CPU
		{FF4709C3-B239-4FEE-9530-CDD542F39B97}.Release|x86.ActiveCfg = Release|Any CPU
		{FF4709C3-B239-4FEE-9530-CDD542F39B97}.Release|x86.Build.0 = Release|Any CPU
		{0132745F-C5EC-4020-943B-AE424026B6C5}.Debug|Any CPU.ActiveCfg = Debug|Any CPU
		{0132745F-C5EC-4020-943B-AE424026B6C5}.Debug|Any CPU.Build.0 = Debug|Any CPU
		{0132745F-C5EC-4020-943B-AE424026B6C5}.Debug|x64.ActiveCfg = Debug|Any CPU
		{0132745F-C5EC-4020-943B-AE424026B6C5}.Debug|x64.Build.0 = Debug|Any CPU
		{0132745F-C5EC-4020-943B-AE424026B6C5}.Debug|x86.ActiveCfg = Debug|Any CPU
		{0132745F-C5EC-4020-943B-AE424026B6C5}.Debug|x86.Build.0 = Debug|Any CPU
		{0132745F-C5EC-4020-943B-AE424026B6C5}.Release|Any CPU.ActiveCfg = Release|Any CPU
		{0132745F-C5EC-4020-943B-AE424026B6C5}.Release|Any CPU.Build.0 = Release|Any CPU
		{0132745F-C5EC-4020-943B-AE424026B6C5}.Release|x64.ActiveCfg = Release|Any CPU
		{0132745F-C5EC-4020-943B-AE424026B6C5}.Release|x64.Build.0 = Release|Any CPU
		{0132745F-C5EC-4020-943B-AE424026B6C5}.Release|x86.ActiveCfg = Release|Any CPU
		{0132745F-C5EC-4020-943B-AE424026B6C5}.Release|x86.Build.0 = Release|Any CPU
		{97ACDCB3-C9C7-459A-88D2-301011BF7CE5}.Debug|Any CPU.ActiveCfg = Debug|Any CPU
		{97ACDCB3-C9C7-459A-88D2-301011BF7CE5}.Debug|Any CPU.Build.0 = Debug|Any CPU
		{97ACDCB3-C9C7-459A-88D2-301011BF7CE5}.Debug|x64.ActiveCfg = Debug|Any CPU
		{97ACDCB3-C9C7-459A-88D2-301011BF7CE5}.Debug|x64.Build.0 = Debug|Any CPU
		{97ACDCB3-C9C7-459A-88D2-301011BF7CE5}.Debug|x86.ActiveCfg = Debug|Any CPU
		{97ACDCB3-C9C7-459A-88D2-301011BF7CE5}.Debug|x86.Build.0 = Debug|Any CPU
		{97ACDCB3-C9C7-459A-88D2-301011BF7CE5}.Release|Any CPU.ActiveCfg = Release|Any CPU
		{97ACDCB3-C9C7-459A-88D2-301011BF7CE5}.Release|Any CPU.Build.0 = Release|Any CPU
		{97ACDCB3-C9C7-459A-88D2-301011BF7CE5}.Release|x64.ActiveCfg = Release|Any CPU
		{97ACDCB3-C9C7-459A-88D2-301011BF7CE5}.Release|x64.Build.0 = Release|Any CPU
		{97ACDCB3-C9C7-459A-88D2-301011BF7CE5}.Release|x86.ActiveCfg = Release|Any CPU
		{97ACDCB3-C9C7-459A-88D2-301011BF7CE5}.Release|x86.Build.0 = Release|Any CPU
	EndGlobalSection
	GlobalSection(SolutionProperties) = preSolution
		HideSolutionNode = FALSE
	EndGlobalSection
	GlobalSection(NestedProjects) = preSolution
		{FF4709C3-B239-4FEE-9530-CDD542F39B97} = {827E0CD3-B72D-47B6-A68D-7590B98EB39B}
		{0132745F-C5EC-4020-943B-AE424026B6C5} = {827E0CD3-B72D-47B6-A68D-7590B98EB39B}
		{97ACDCB3-C9C7-459A-88D2-301011BF7CE5} = {827E0CD3-B72D-47B6-A68D-7590B98EB39B}
	EndGlobalSection
EndGlobal
